<Project xmlns="http://schemas.microsoft.com/developer/msbuild/2003">
    <PropertyGroup>
        <ProjectGuid>{69864639-E4F9-4C4C-8828-54C212BD1EDA}</ProjectGuid>
        <ProjectVersion>19.3</ProjectVersion>
        <FrameworkType>VCL</FrameworkType>
        <Base>True</Base>
        <Config Condition="'$(Config)'==''">Release</Config>
        <Platform Condition="'$(Platform)'==''">Win64</Platform>
        <TargetedPlatforms>3</TargetedPlatforms>
        <AppType>Application</AppType>
        <MainSource>MnrAndSvc.dpr</MainSource>
    </PropertyGroup>
    <PropertyGroup Condition="'$(Config)'=='Base' or '$(Base)'!=''">
        <Base>true</Base>
    </PropertyGroup>
    <PropertyGroup Condition="('$(Platform)'=='Linux64' and '$(Base)'=='true') or '$(Base_Linux64)'!=''">
        <Base_Linux64>true</Base_Linux64>
        <CfgParent>Base</CfgParent>
        <Base>true</Base>
    </PropertyGroup>
    <PropertyGroup Condition="('$(Platform)'=='OSX64' and '$(Base)'=='true') or '$(Base_OSX64)'!=''">
        <Base_OSX64>true</Base_OSX64>
        <CfgParent>Base</CfgParent>
        <Base>true</Base>
    </PropertyGroup>
    <PropertyGroup Condition="('$(Platform)'=='OSXARM64' and '$(Base)'=='true') or '$(Base_OSXARM64)'!=''">
        <Base_OSXARM64>true</Base_OSXARM64>
        <CfgParent>Base</CfgParent>
        <Base>true</Base>
    </PropertyGroup>
    <PropertyGroup Condition="('$(Platform)'=='Win32' and '$(Base)'=='true') or '$(Base_Win32)'!=''">
        <Base_Win32>true</Base_Win32>
        <CfgParent>Base</CfgParent>
        <Base>true</Base>
    </PropertyGroup>
    <PropertyGroup Condition="('$(Platform)'=='Win64' and '$(Base)'=='true') or '$(Base_Win64)'!=''">
        <Base_Win64>true</Base_Win64>
        <CfgParent>Base</CfgParent>
        <Base>true</Base>
    </PropertyGroup>
    <PropertyGroup Condition="'$(Config)'=='Debug' or '$(Cfg_1)'!=''">
        <Cfg_1>true</Cfg_1>
        <CfgParent>Base</CfgParent>
        <Base>true</Base>
    </PropertyGroup>
    <PropertyGroup Condition="('$(Platform)'=='Win32' and '$(Cfg_1)'=='true') or '$(Cfg_1_Win32)'!=''">
        <Cfg_1_Win32>true</Cfg_1_Win32>
        <CfgParent>Cfg_1</CfgParent>
        <Cfg_1>true</Cfg_1>
        <Base>true</Base>
    </PropertyGroup>
    <PropertyGroup Condition="('$(Platform)'=='Win64' and '$(Cfg_1)'=='true') or '$(Cfg_1_Win64)'!=''">
        <Cfg_1_Win64>true</Cfg_1_Win64>
        <CfgParent>Cfg_1</CfgParent>
        <Cfg_1>true</Cfg_1>
        <Base>true</Base>
    </PropertyGroup>
    <PropertyGroup Condition="'$(Config)'=='Release' or '$(Cfg_2)'!=''">
        <Cfg_2>true</Cfg_2>
        <CfgParent>Base</CfgParent>
        <Base>true</Base>
    </PropertyGroup>
    <PropertyGroup Condition="('$(Platform)'=='Win32' and '$(Cfg_2)'=='true') or '$(Cfg_2_Win32)'!=''">
        <Cfg_2_Win32>true</Cfg_2_Win32>
        <CfgParent>Cfg_2</CfgParent>
        <Cfg_2>true</Cfg_2>
        <Base>true</Base>
    </PropertyGroup>
    <PropertyGroup Condition="('$(Platform)'=='Win64' and '$(Cfg_2)'=='true') or '$(Cfg_2_Win64)'!=''">
        <Cfg_2_Win64>true</Cfg_2_Win64>
        <CfgParent>Cfg_2</CfgParent>
        <Cfg_2>true</Cfg_2>
        <Base>true</Base>
    </PropertyGroup>
    <PropertyGroup Condition="'$(Base)'!=''">
        <DCC_DcuOutput>.\$(Platform)\$(Config)</DCC_DcuOutput>
        <DCC_ExeOutput>..\..\mnrand</DCC_ExeOutput>
        <DCC_E>false</DCC_E>
        <DCC_N>false</DCC_N>
        <DCC_S>false</DCC_S>
        <DCC_F>false</DCC_F>
        <DCC_K>false</DCC_K>
        <DCC_Namespace>System;Xml;Data;Datasnap;Web;Soap;Vcl;Vcl.Imaging;Vcl.Touch;Vcl.Samples;Vcl.Shell;$(DCC_Namespace)</DCC_Namespace>
        <Icon_MainIcon>$(BDS)\bin\delphi_PROJECTICON.ico</Icon_MainIcon>
        <Icns_MainIcns>$(BDS)\bin\delphi_PROJECTICNS.icns</Icns_MainIcns>
        <SanitizedProjectName>MnrAndSvc</SanitizedProjectName>
        <VerInfo_Locale>10241</VerInfo_Locale>
        <VerInfo_Keys>CompanyName=;FileDescription=$(MSBuildProjectName);FileVersion=1.0.0.0;InternalName=;LegalCopyright=;LegalTrademarks=;OriginalFilename=;ProgramID=com.embarcadero.$(MSBuildProjectName);ProductName=$(MSBuildProjectName);ProductVersion=1.0.0.0;Comments=</VerInfo_Keys>
        <PreBuildEvent><![CDATA[net stop MnrAndService
$(PreBuildEvent)]]></PreBuildEvent>
        <PreBuildEventCancelOnError>false</PreBuildEventCancelOnError>
        <PostBuildEvent><![CDATA[net start MnrAndService
$(PostBuildEvent)]]></PostBuildEvent>
        <PostBuildEventCancelOnError>false</PostBuildEventCancelOnError>
    </PropertyGroup>
    <PropertyGroup Condition="'$(Base_Linux64)'!=''">
        <DCC_UsePackage>cxLibraryRS27;dxRibbonCustomizationFormRS27;dxPScxExtCommonRS27;cxTreeListRS27;dxPScxSchedulerLnkRS27;dxPsPrVwAdvRS27;dxPSdxFCLnkRS27;dxSpellCheckerRS27;dxPDFViewerRS27;RESTBackendComponents;dxWizardControlRS27;cxSchedulerTreeBrowserRS27;bindengine;CloudService;dxBarExtDBItemsRS27;cxExportRS27;DataSnapClient;cxSchedulerWebServiceStorageRS27;IndySystem;dxHttpIndyRequestRS27;dxFlowChartRS27;dxPSPrVwRibbonRS27;dxmdsRS27;emshosting;cxSchedulerRibbonStyleEventEditorRS27;soaprtl;DbxCommonDriver;dxCloudServiceLibraryRS27;xmlrtl;DataSnapNativeClient;soapmidas;rtl;emsserverresource;DbxClientDriver;dxdborRS27;dxdbtrRS27;dxSpreadSheetCoreRS27;dxRichEditControlCoreRS27;dxGDIPlusRS27;dxFireDACServerModeRS27;dxFlowChartAdvancedCustomizeFormRS27;dxServerModeRS27;dxorgcRS27;dxPSLnksRS27;dxDBXServerModeRS27;DataSnapIndy10ServerTransport;cxGridRS27;dxFireDACEMFRS27;dxtrmdRS27;DataSnapServerMidas;RESTComponents;dxSpreadSheetCoreConditionalFormattingDialogsRS27;dxSpreadSheetConditionalFormattingDialogsRS27;dxGaugeControlRS27;dxSpreadSheetReportDesignerRS27;cxPivotGridOLAPRS27;emsclientfiredac;DataSnapFireDAC;dxSpreadSheetRS27;dxBarDBNavRS27;dxPSRichEditControlLnkRS27;cxPivotGridRS27;DatasnapConnectorsFreePascal;dxADOServerModeRS27;inetdb;dxFlowChartDesignerRS27;emsedge;fmx;dbexpress;IndyCore;dxRibbonRS27;dsnap;DataSnapCommon;emsclient;FireDACCommon;dxTileControlRS27;cxSchedulerRS27;DataSnapConnectors;dxBarExtItemsRS27;HttpClient;soapserver;dxRichEditControlRS27;dxPScxTLLnkRS27;dxADOEMFRS27;dxFlowChartLayoutsRS27;dxPSCoreRS27;FireDACCommonDriver;dxPScxPivotGridLnkRS27;inet;cxPivotGridChartRS27;dxPSdxOCLnkRS27;dxMapControlRS27;dxPSdxDBOCLnkRS27;dxComnRS27;dxPSdxGaugeControlLnkRS27;dxEMFRS27;FireDAC;cxTreeListdxBarPopupMenuRS27;dxPScxVGridLnkRS27;dxPSdxPDFViewerLnkRS27;dxPSdxSpreadSheetLnkRS27;dxSpreadSheetCoreDialogsRS27;dxTabbedMDIRS27;DataSnapServer;dxPScxCommonRS27;CustomIPTransport;dxPScxGridLnkRS27;bindcomp;cxSchedulerGridRS27;cxVerticalGridRS27;dxDockingRS27;dxNavBarRS27;dbxcds;dsnapxml;dbrtl;IndyProtocols;dxBarRS27;dxPSdxLCLnkRS27;dxPSdxMapControlLnkRS27;dxPSdxDBTVLnkRS27;$(DCC_UsePackage)</DCC_UsePackage>
    </PropertyGroup>
    <PropertyGroup Condition="'$(Base_OSX64)'!=''">
        <DCC_UsePackage>DBXSqliteDriver;tethering;cxLibraryRS27;dxRibbonCustomizationFormRS27;dxPScxExtCommonRS27;cxTreeListRS27;dxPScxSchedulerLnkRS27;dxPsPrVwAdvRS27;dxPSdxFCLnkRS27;dxSpellCheckerRS27;dxPDFViewerRS27;RESTBackendComponents;dxWizardControlRS27;cxSchedulerTreeBrowserRS27;bindengine;CloudService;dxBarExtDBItemsRS27;cxExportRS27;DataSnapClient;cxSchedulerWebServiceStorageRS27;bindcompdbx;IndyIPServer;IndySystem;dxHttpIndyRequestRS27;dxFlowChartRS27;dxPSPrVwRibbonRS27;dxmdsRS27;FMXTee;cxSchedulerRibbonStyleEventEditorRS27;soaprtl;DbxCommonDriver;dxCloudServiceLibraryRS27;xmlrtl;DataSnapNativeClient;soapmidas;fmxobj;rtl;DbxClientDriver;dxdborRS27;DBXSybaseASADriver;dxdbtrRS27;dxSpreadSheetCoreRS27;dxRichEditControlCoreRS27;dxGDIPlusRS27;IndyIPClient;dxFireDACServerModeRS27;dxFlowChartAdvancedCustomizeFormRS27;dxServerModeRS27;dxorgcRS27;dxPSLnksRS27;dxDBXServerModeRS27;DataSnapIndy10ServerTransport;cxGridRS27;DataSnapProviderClient;dxFireDACEMFRS27;dxtrmdRS27;DataSnapServerMidas;RESTComponents;dxSpreadSheetCoreConditionalFormattingDialogsRS27;DBXInterBaseDriver;dxSpreadSheetConditionalFormattingDialogsRS27;dxGaugeControlRS27;dxSpreadSheetReportDesignerRS27;cxPivotGridOLAPRS27;emsclientfiredac;DataSnapFireDAC;dxSpreadSheetRS27;dxBarDBNavRS27;dxPSRichEditControlLnkRS27;cxPivotGridRS27;dxADOServerModeRS27;bindcompfmx;DBXOracleDriver;inetdb;dxFlowChartDesignerRS27;FmxTeeUI;fmx;fmxdae;dbexpress;IndyCore;dxRibbonRS27;dsnap;DataSnapCommon;emsclient;FireDACCommon;dxTileControlRS27;cxSchedulerRS27;dxBarExtItemsRS27;HttpClient;soapserver;dxRichEditControlRS27;dxPScxTLLnkRS27;DBXMySQLDriver;dxADOEMFRS27;dxFlowChartLayoutsRS27;dxPSCoreRS27;DBXFirebirdDriver;FireDACCommonDriver;dxPScxPivotGridLnkRS27;inet;cxPivotGridChartRS27;IndyIPCommon;dxPSdxOCLnkRS27;sgcWebSocketsD10_4;dxMapControlRS27;dxPSdxDBOCLnkRS27;dxComnRS27;dxPSdxGaugeControlLnkRS27;dxEMFRS27;FireDAC;cxTreeListdxBarPopupMenuRS27;dxPScxVGridLnkRS27;dxPSdxPDFViewerLnkRS27;dxPSdxSpreadSheetLnkRS27;ibmonitor;dxSpreadSheetCoreDialogsRS27;dxTabbedMDIRS27;ibxpress;DataSnapServer;ibxbindings;dxPScxCommonRS27;CustomIPTransport;dxPScxGridLnkRS27;bindcomp;DBXInformixDriver;cxSchedulerGridRS27;cxVerticalGridRS27;dxDockingRS27;dxNavBarRS27;dbxcds;dsnapxml;dbrtl;IndyProtocols;inetdbxpress;dxBarRS27;dxPSdxLCLnkRS27;dxPSdxMapControlLnkRS27;dxPSdxDBTVLnkRS27;fmxase;$(DCC_UsePackage)</DCC_UsePackage>
    </PropertyGroup>
    <PropertyGroup Condition="'$(Base_OSXARM64)'!=''">
        <VerInfo_Keys>CFBundleName=$(MSBuildProjectName);CFBundleDisplayName=$(MSBuildProjectName);CFBundleIdentifier=$(MSBuildProjectName);CFBundleVersion=1.0.0;CFBundleShortVersionString=1.0.0;CFBundlePackageType=APPL;CFBundleSignature=????;CFBundleAllowMixedLocalizations=YES;CFBundleExecutable=$(MSBuildProjectName);NSHighResolutionCapable=true;LSApplicationCategoryType=public.app-category.utilities;NSLocationUsageDescription=The reason for accessing the location information of the user;NSContactsUsageDescription=The reason for accessing the contacts;NSCalendarsUsageDescription=The reason for accessing the calendar data;NSRemindersUsageDescription=The reason for accessing the reminders;NSCameraUsageDescription=The reason for accessing the camera;NSMicrophoneUsageDescription=The reason for accessing the microphone;NSMotionUsageDescription=The reason for accessing the accelerometer;NSDesktopFolderUsageDescription=The reason for accessing the Desktop folder;NSDocumentsFolderUsageDescription=The reason for accessing the Documents folder;NSDownloadsFolderUsageDescription=The reason for accessing the Downloads folder;NSNetworkVolumesUsageDescription=The reason for accessing files on a network volume;NSRemovableVolumesUsageDescription=The reason for accessing files on a removable volume;NSSpeechRecognitionUsageDescription=The reason for requesting to send user data to Apple&apos;s speech recognition servers</VerInfo_Keys>
        <BT_BuildType>Debug</BT_BuildType>
        <VerInfo_IncludeVerInfo>true</VerInfo_IncludeVerInfo>
        <Base_OSX64>true</Base_OSX64>
        <CfgParent>Base</CfgParent>
        <Base>true</Base>
        <DCC_UsePackage>DBXSqliteDriver;tethering;cxLibraryRS27;dxRibbonCustomizationFormRS27;dxPScxExtCommonRS27;cxTreeListRS27;dxPScxSchedulerLnkRS27;dxPsPrVwAdvRS27;dxPSdxFCLnkRS27;dxSpellCheckerRS27;dxPDFViewerRS27;RESTBackendComponents;dxWizardControlRS27;cxSchedulerTreeBrowserRS27;bindengine;CloudService;dxBarExtDBItemsRS27;cxExportRS27;DataSnapClient;cxSchedulerWebServiceStorageRS27;bindcompdbx;IndyIPServer;IndySystem;dxHttpIndyRequestRS27;dxFlowChartRS27;dxPSPrVwRibbonRS27;dxmdsRS27;FMXTee;cxSchedulerRibbonStyleEventEditorRS27;soaprtl;DbxCommonDriver;dxCloudServiceLibraryRS27;xmlrtl;DataSnapNativeClient;soapmidas;fmxobj;rtl;DbxClientDriver;dxdborRS27;DBXSybaseASADriver;dxdbtrRS27;dxSpreadSheetCoreRS27;dxRichEditControlCoreRS27;dxGDIPlusRS27;IndyIPClient;dxFireDACServerModeRS27;dxFlowChartAdvancedCustomizeFormRS27;dxServerModeRS27;dxorgcRS27;dxPSLnksRS27;dxDBXServerModeRS27;DataSnapIndy10ServerTransport;cxGridRS27;DataSnapProviderClient;dxFireDACEMFRS27;dxtrmdRS27;DataSnapServerMidas;RESTComponents;dxSpreadSheetCoreConditionalFormattingDialogsRS27;DBXInterBaseDriver;dxSpreadSheetConditionalFormattingDialogsRS27;dxGaugeControlRS27;dxSpreadSheetReportDesignerRS27;cxPivotGridOLAPRS27;emsclientfiredac;DataSnapFireDAC;dxSpreadSheetRS27;dxBarDBNavRS27;dxPSRichEditControlLnkRS27;cxPivotGridRS27;dxADOServerModeRS27;bindcompfmx;DBXOracleDriver;inetdb;dxFlowChartDesignerRS27;FmxTeeUI;fmx;fmxdae;dbexpress;IndyCore;dxRibbonRS27;dsnap;DataSnapCommon;emsclient;FireDACCommon;dxTileControlRS27;cxSchedulerRS27;dxBarExtItemsRS27;HttpClient;soapserver;dxRichEditControlRS27;dxPScxTLLnkRS27;DBXMySQLDriver;dxADOEMFRS27;dxFlowChartLayoutsRS27;dxPSCoreRS27;DBXFirebirdDriver;FireDACCommonDriver;dxPScxPivotGridLnkRS27;inet;cxPivotGridChartRS27;IndyIPCommon;dxPSdxOCLnkRS27;sgcWebSocketsD10_4;dxMapControlRS27;dxPSdxDBOCLnkRS27;dxComnRS27;dxPSdxGaugeControlLnkRS27;dxEMFRS27;FireDAC;cxTreeListdxBarPopupMenuRS27;dxPScxVGridLnkRS27;dxPSdxPDFViewerLnkRS27;dxPSdxSpreadSheetLnkRS27;ibmonitor;dxSpreadSheetCoreDialogsRS27;dxTabbedMDIRS27;ibxpress;DataSnapServer;ibxbindings;dxPScxCommonRS27;CustomIPTransport;dxPScxGridLnkRS27;bindcomp;DBXInformixDriver;cxSchedulerGridRS27;cxVerticalGridRS27;dxDockingRS27;dxNavBarRS27;dbxcds;dsnapxml;dbrtl;IndyProtocols;inetdbxpress;dxBarRS27;dxPSdxLCLnkRS27;dxPSdxMapControlLnkRS27;dxPSdxDBTVLnkRS27;fmxase;$(DCC_UsePackage);$(DCC_UsePackage)</DCC_UsePackage>
    </PropertyGroup>
    <PropertyGroup Condition="'$(Base_Win32)'!=''">
        <DCC_UsePackage>DBXSqliteDriver;DBXDb2Driver;vclactnband;vclFireDAC;ZK;tethering;clinetsuite_104;cxLibraryRS27;JvPluginSystem;frx27;dxRibbonCustomizationFormRS27;vcltouch;JvBands;vcldb;svn;JvJans;dxPScxExtCommonRS27;uSynEdit_R2023;cxTreeListRS27;fs27;dxPScxSchedulerLnkRS27;JvDotNetCtrls;vclib;dxPsPrVwAdvRS27;vclx;frxTee27;dxPSdxFCLnkRS27;dxSpellCheckerRS27;dxPDFViewerRS27;RESTBackendComponents;VCLRESTComponents;dxWizardControlRS27;cxSchedulerTreeBrowserRS27;vclie;bindengine;CloudService;dxBarExtDBItemsRS27;JvHMI;cxExportRS27;DataSnapClient;cxSchedulerWebServiceStorageRS27;bindcompdbx;frxDB27;DBXSybaseASEDriver;IndyIPServer;IndySystem;dxHttpIndyRequestRS27;dac270;dxFlowChartRS27;clhttpserver;dsnapcon;dxPSPrVwRibbonRS27;dxmdsRS27;vclimg;Jcl;fsIBX27;dxCoreRS27;emshosting;frxIntIO27;acntDX10Sydney_R;DBXOdbcDriver;FMXTee;cxSchedulerRibbonStyleEventEditorRS27;soaprtl;DbxCommonDriver;JvManagedThreads;dxCloudServiceLibraryRS27;xmlrtl;DataSnapNativeClient;soapmidas;fmxobj;JvTimeFramework;rtl;emsserverresource;DbxClientDriver;dxdborRS27;DBXSybaseASADriver;dxdbtrRS27;XLSSuite6;unidacvcl270;JvSystem;JvStdCtrls;appanalytics;dxSpreadSheetCoreRS27;dxRichEditControlCoreRS27;dxGDIPlusRS27;IndyIPClient;dxFireDACServerModeRS27;dxFlowChartAdvancedCustomizeFormRS27;bindcompvcl;dxServerModeRS27;TeeUI;dxorgcRS27;dxPSLnksRS27;JvDocking;JvPascalInterpreter;VclSmp;dxDBXServerModeRS27;WIA2;JclVcl;DataSnapIndy10ServerTransport;frxcs27;cxGridRS27;DataSnapProviderClient;GLibWMI;JvControls;dxFireDACEMFRS27;JvPrintPreview;dxtrmdRS27;DataSnapServerMidas;RESTComponents;dxSpreadSheetCoreConditionalFormattingDialogsRS27;DBXInterBaseDriver;dxSpreadSheetConditionalFormattingDialogsRS27;fsDB27;dxGaugeControlRS27;dxSpreadSheetReportDesignerRS27;cxPivotGridOLAPRS27;bindcompvclsmp;emsclientfiredac;DataSnapFireDAC;svnui;JvGlobus;dxSpreadSheetRS27;dxBarDBNavRS27;dxPSRichEditControlLnkRS27;DBXMSSQLDriver;JvMM;fsTee27;cxPivotGridRS27;DatasnapConnectorsFreePascal;dxADOServerModeRS27;unidac270;frxIBX27;bindcompfmx;JvNet;crcontrols270;DBXOracleDriver;inetdb;JvAppFrm;dxFlowChartDesignerRS27;FmxTeeUI;emsedge;fmx;fmxdae;vcledge;StyleControls_dxe104Sydney;JvWizards;dbexpress;IndyCore;dxRibbonRS27;nrcomm270;JvPageComps;dsnap;DataSnapCommon;emsclient;FireDACCommon;JvDB;dxTileControlRS27;cxSchedulerRS27;DataSnapConnectors;dxBarExtItemsRS27;HttpClient;soapserver;JclDeveloperTools;dxRichEditControlRS27;dacfmx270;dxPScxTLLnkRS27;JvCmp;DBXMySQLDriver;dxADOEMFRS27;dxFlowChartLayoutsRS27;dxPSCoreRS27;DBXFirebirdDriver;FireDACCommonDriver;dxPScxPivotGridLnkRS27;inet;cxPivotGridChartRS27;IndyIPCommon;JvCustom;dxPSdxOCLnkRS27;vcl;JvXPCtrls;dacvcl270;vquery270;sgcWebSocketsD10_4;dxMapControlRS27;dxPSdxDBOCLnkRS27;sbridge270;dxComnRS27;dxPSdxGaugeControlLnkRS27;dclAbsDBd27;unidacfmx270;frxIntIOIndy27;dxEMFRS27;TeeDB;FireDAC;cxTreeListdxBarPopupMenuRS27;dxPScxVGridLnkRS27;JvCore;dxPSdxPDFViewerLnkRS27;dxPSdxSpreadSheetLnkRS27;JvCrypt;ibmonitor;dxSpreadSheetCoreDialogsRS27;JvDlgs;JvRuntimeDesign;dxTabbedMDIRS27;ibxpress;Tee;DataSnapServer;ibxbindings;vclwinx;dxPScxCommonRS27;vclAbsDBd27;mswordemb;CustomIPTransport;vcldsnap;dxPScxGridLnkRS27;dxSkinsCoreRS27;bindcomp;frxADO27;DBXInformixDriver;cxSchedulerGridRS27;cxVerticalGridRS27;fsADO27;dxDockingRS27;frxe27;dxNavBarRS27;dbxcds;frxDBX27;adortl;dsnapxml;dbrtl;IndyProtocols;inetdbxpress;dxBarRS27;dxPSdxLCLnkRS27;dxPSdxMapControlLnkRS27;JclContainers;dxPSdxDBTVLnkRS27;fmxase;$(DCC_UsePackage)</DCC_UsePackage>
        <DCC_Namespace>Winapi;System.Win;Data.Win;Datasnap.Win;Web.Win;Soap.Win;Xml.Win;Bde;$(DCC_Namespace)</DCC_Namespace>
        <BT_BuildType>Debug</BT_BuildType>
        <VerInfo_IncludeVerInfo>true</VerInfo_IncludeVerInfo>
        <VerInfo_Keys>CompanyName=;FileDescription=$(MSBuildProjectName);FileVersion=1.0.0.0;InternalName=;LegalCopyright=;LegalTrademarks=;OriginalFilename=;ProgramID=com.embarcadero.$(MSBuildProjectName);ProductName=$(MSBuildProjectName);ProductVersion=1.0.0.0;Comments=</VerInfo_Keys>
        <VerInfo_Locale>1033</VerInfo_Locale>
        <Manifest_File>$(BDS)\bin\default_app.manifest</Manifest_File>
    </PropertyGroup>
    <PropertyGroup Condition="'$(Base_Win64)'!=''">
        <DCC_UsePackage>DBXSqliteDriver;DBXDb2Driver;vclactnband;vclFireDAC;tethering;clinetsuite_104;cxLibraryRS27;dxRibbonCustomizationFormRS27;vcltouch;vcldb;dxPScxExtCommonRS27;uSynEdit_R2023;cxTreeListRS27;dxPScxSchedulerLnkRS27;vclib;dxPsPrVwAdvRS27;vclx;dxPSdxFCLnkRS27;dxSpellCheckerRS27;dxPDFViewerRS27;RESTBackendComponents;VCLRESTComponents;dxWizardControlRS27;cxSchedulerTreeBrowserRS27;vclie;bindengine;CloudService;dxBarExtDBItemsRS27;cxExportRS27;DataSnapClient;cxSchedulerWebServiceStorageRS27;bindcompdbx;DBXSybaseASEDriver;IndyIPServer;IndySystem;dxHttpIndyRequestRS27;dxFlowChartRS27;dsnapcon;dxPSPrVwRibbonRS27;dxmdsRS27;vclimg;dxCoreRS27;emshosting;DBXOdbcDriver;FMXTee;cxSchedulerRibbonStyleEventEditorRS27;soaprtl;DbxCommonDriver;dxCloudServiceLibraryRS27;xmlrtl;DataSnapNativeClient;soapmidas;fmxobj;rtl;emsserverresource;DbxClientDriver;dxdborRS27;DBXSybaseASADriver;dxdbtrRS27;appanalytics;dxSpreadSheetCoreRS27;dxRichEditControlCoreRS27;dxGDIPlusRS27;IndyIPClient;dxFireDACServerModeRS27;dxFlowChartAdvancedCustomizeFormRS27;bindcompvcl;dxServerModeRS27;TeeUI;dxorgcRS27;dxPSLnksRS27;VclSmp;dxDBXServerModeRS27;DataSnapIndy10ServerTransport;cxGridRS27;DataSnapProviderClient;dxFireDACEMFRS27;dxtrmdRS27;DataSnapServerMidas;RESTComponents;dxSpreadSheetCoreConditionalFormattingDialogsRS27;DBXInterBaseDriver;dxSpreadSheetConditionalFormattingDialogsRS27;dxGaugeControlRS27;dxSpreadSheetReportDesignerRS27;cxPivotGridOLAPRS27;bindcompvclsmp;emsclientfiredac;DataSnapFireDAC;dxSpreadSheetRS27;dxBarDBNavRS27;dxPSRichEditControlLnkRS27;DBXMSSQLDriver;cxPivotGridRS27;DatasnapConnectorsFreePascal;dxADOServerModeRS27;bindcompfmx;DBXOracleDriver;inetdb;dxFlowChartDesignerRS27;FmxTeeUI;emsedge;fmx;fmxdae;vcledge;StyleControls_dxe104Sydney;dbexpress;IndyCore;dxRibbonRS27;dsnap;DataSnapCommon;emsclient;FireDACCommon;dxTileControlRS27;cxSchedulerRS27;DataSnapConnectors;dxBarExtItemsRS27;soapserver;dxRichEditControlRS27;dxPScxTLLnkRS27;DBXMySQLDriver;dxADOEMFRS27;dxFlowChartLayoutsRS27;dxPSCoreRS27;DBXFirebirdDriver;FireDACCommonDriver;dxPScxPivotGridLnkRS27;inet;cxPivotGridChartRS27;IndyIPCommon;dxPSdxOCLnkRS27;vcl;sgcWebSocketsD10_4;dxMapControlRS27;dxPSdxDBOCLnkRS27;dxComnRS27;dxPSdxGaugeControlLnkRS27;dxEMFRS27;TeeDB;FireDAC;cxTreeListdxBarPopupMenuRS27;dxPScxVGridLnkRS27;dxPSdxPDFViewerLnkRS27;dxPSdxSpreadSheetLnkRS27;ibmonitor;dxSpreadSheetCoreDialogsRS27;dxTabbedMDIRS27;ibxpress;Tee;DataSnapServer;ibxbindings;vclwinx;dxPScxCommonRS27;CustomIPTransport;vcldsnap;dxPScxGridLnkRS27;bindcomp;DBXInformixDriver;cxSchedulerGridRS27;cxVerticalGridRS27;dxDockingRS27;dxNavBarRS27;dbxcds;adortl;dsnapxml;dbrtl;IndyProtocols;inetdbxpress;dxBarRS27;dxPSdxLCLnkRS27;dxPSdxMapControlLnkRS27;dxPSdxDBTVLnkRS27;fmxase;$(DCC_UsePackage)</DCC_UsePackage>
        <DCC_Namespace>Winapi;System.Win;Data.Win;Datasnap.Win;Web.Win;Soap.Win;Xml.Win;$(DCC_Namespace)</DCC_Namespace>
        <BT_BuildType>Debug</BT_BuildType>
        <VerInfo_IncludeVerInfo>true</VerInfo_IncludeVerInfo>
        <VerInfo_Locale>1033</VerInfo_Locale>
        <Manifest_File>$(BDS)\bin\default_app.manifest</Manifest_File>
    </PropertyGroup>
    <PropertyGroup Condition="'$(Cfg_1)'!=''">
        <DCC_Define>DEBUG;$(DCC_Define)</DCC_Define>
        <DCC_DebugDCUs>true</DCC_DebugDCUs>
        <DCC_Optimize>false</DCC_Optimize>
        <DCC_GenerateStackFrames>true</DCC_GenerateStackFrames>
        <DCC_DebugInfoInExe>true</DCC_DebugInfoInExe>
        <DCC_RemoteDebug>true</DCC_RemoteDebug>
    </PropertyGroup>
    <PropertyGroup Condition="'$(Cfg_1_Win32)'!=''">
        <DCC_RemoteDebug>false</DCC_RemoteDebug>
        <AppEnableRuntimeThemes>true</AppEnableRuntimeThemes>
        <AppDPIAwarenessMode>PerMonitorV2</AppDPIAwarenessMode>
        <DCC_ExeOutput>..\..\bin</DCC_ExeOutput>
        <VerInfo_IncludeVerInfo>true</VerInfo_IncludeVerInfo>
        <VerInfo_Locale>1033</VerInfo_Locale>
    </PropertyGroup>
    <PropertyGroup Condition="'$(Cfg_1_Win64)'!=''">
        <AppEnableRuntimeThemes>true</AppEnableRuntimeThemes>
        <AppDPIAwarenessMode>PerMonitorV2</AppDPIAwarenessMode>
    </PropertyGroup>
    <PropertyGroup Condition="'$(Cfg_2)'!=''">
        <DCC_LocalDebugSymbols>false</DCC_LocalDebugSymbols>
        <DCC_Define>RELEASE;$(DCC_Define)</DCC_Define>
        <DCC_SymbolReferenceInfo>0</DCC_SymbolReferenceInfo>
        <DCC_DebugInformation>0</DCC_DebugInformation>
    </PropertyGroup>
    <PropertyGroup Condition="'$(Cfg_2_Win32)'!=''">
        <AppEnableRuntimeThemes>true</AppEnableRuntimeThemes>
        <AppDPIAwarenessMode>PerMonitorV2</AppDPIAwarenessMode>
        <VerInfo_IncludeVerInfo>true</VerInfo_IncludeVerInfo>
        <VerInfo_Locale>1033</VerInfo_Locale>
    </PropertyGroup>
    <PropertyGroup Condition="'$(Cfg_2_Win64)'!=''">
        <AppEnableRuntimeThemes>true</AppEnableRuntimeThemes>
        <AppDPIAwarenessMode>PerMonitorV2</AppDPIAwarenessMode>
    </PropertyGroup>
    <ItemGroup>
        <DelphiCompile Include="$(MainSource)">
            <MainSource>MainSource</MainSource>
        </DelphiCompile>
        <DCCReference Include="main.pas">
            <Form>MnrAndService</Form>
            <DesignClass>TService</DesignClass>
        </DCCReference>
        <DCCReference Include="ServerU.pas">
            <Form>Server</Form>
            <DesignClass>TDataModule</DesignClass>
        </DCCReference>
        <DCCReference Include="..\lic\lic.pas"/>
        <DCCReference Include="log.pas"/>
        <BuildConfiguration Include="Base">
            <Key>Base</Key>
        </BuildConfiguration>
        <BuildConfiguration Include="Debug">
            <Key>Cfg_1</Key>
            <CfgParent>Base</CfgParent>
        </BuildConfiguration>
        <BuildConfiguration Include="Release">
            <Key>Cfg_2</Key>
            <CfgParent>Base</CfgParent>
        </BuildConfiguration>
    </ItemGroup>
    <ProjectExtensions>
        <Borland.Personality>Delphi.Personality.12</Borland.Personality>
        <Borland.ProjectType>Application</Borland.ProjectType>
        <BorlandProject>
            <Delphi.Personality>
                <Source>
                    <Source Name="MainSource">MnrAndSvc.dpr</Source>
                </Source>
                <Excluded_Packages>
                    <Excluded_Packages Name="D:\Delphi Library\Jedi\jvcl-master\jvcl\lib\d28\win32\JvCore280.bpl">JVCL Core Components Runtime Package</Excluded_Packages>
                    <Excluded_Packages Name="D:\Delphi Library\Jedi\jvcl-master\jvcl\lib\d28\win32\JvDlgs280.bpl">JVCL Dialog Components Runtime Package</Excluded_Packages>
                    <Excluded_Packages Name="$(BDSBIN)\dcloffice2k280.bpl">Microsoft Office 2000 Sample Automation Server Wrapper Components</Excluded_Packages>
                    <Excluded_Packages Name="$(BDSBIN)\dclofficexp280.bpl">Microsoft Office XP Sample Automation Server Wrapper Components</Excluded_Packages>
                </Excluded_Packages>
            </Delphi.Personality>
            <Platforms>
                <Platform value="Linux64">False</Platform>
                <Platform value="OSX64">False</Platform>
                <Platform value="OSXARM64">False</Platform>
                <Platform value="Win32">True</Platform>
                <Platform value="Win64">True</Platform>
            </Platforms>
            <Deployment Version="3">
                <DeployFile LocalName="Win32\Debug\MnrAndSvc.exe" Configuration="Debug" Class="ProjectOutput">
                    <Platform Name="Win32">
                        <RemoteName>MnrAndSvc.exe</RemoteName>
                        <Overwrite>true</Overwrite>
                    </Platform>
                </DeployFile>
                <DeployFile LocalName="..\..\mnrand\MnrAndSvc.exe" Configuration="Release" Class="ProjectOutput">
                    <Platform Name="Win32">
                        <RemoteName>MnrAndSvc.exe</RemoteName>
                        <Overwrite>true</Overwrite>
                    </Platform>
                </DeployFile>
                <DeployClass Name="AdditionalDebugSymbols">
                    <Platform Name="iOSSimulator">
                        <Operation>1</Operation>
                    </Platform>
                    <Platform Name="OSX32">
                        <RemoteDir>Contents\MacOS</RemoteDir>
                        <Operation>1</Operation>
                    </Platform>
                    <Platform Name="Win32">
                        <Operation>0</Operation>
                    </Platform>
                </DeployClass>
                <DeployClass Name="AndroidClasses">
                    <Platform Name="Android">
                        <RemoteDir>classes</RemoteDir>
                        <Operation>64</Operation>
                    </Platform>
                    <Platform Name="Android64">
                        <RemoteDir>classes</RemoteDir>
                        <Operation>64</Operation>
                    </Platform>
                </DeployClass>
                <DeployClass Name="AndroidClassesDexFile">
                    <Platform Name="Android">
                        <RemoteDir>classes</RemoteDir>
                        <Operation>1</Operation>
                    </Platform>
                    <Platform Name="Android64">
                        <RemoteDir>classes</RemoteDir>
                        <Operation>1</Operation>
                    </Platform>
                </DeployClass>
                <DeployClass Name="AndroidFileProvider">
                    <Platform Name="Android">
                        <RemoteDir>res\xml</RemoteDir>
                        <Operation>1</Operation>
                    </Platform>
                    <Platform Name="Android64">
                        <RemoteDir>res\xml</RemoteDir>
                        <Operation>1</Operation>
                    </Platform>
                </DeployClass>
                <DeployClass Name="AndroidGDBServer">
                    <Platform Name="Android">
                        <RemoteDir>library\lib\armeabi-v7a</RemoteDir>
                        <Operation>1</Operation>
                    </Platform>
                </DeployClass>
                <DeployClass Name="AndroidLibnativeArmeabiFile">
                    <Platform Name="Android">
                        <RemoteDir>library\lib\armeabi</RemoteDir>
                        <Operation>1</Operation>
                    </Platform>
                    <Platform Name="Android64">
                        <RemoteDir>library\lib\armeabi</RemoteDir>
                        <Operation>1</Operation>
                    </Platform>
                </DeployClass>
                <DeployClass Name="AndroidLibnativeArmeabiv7aFile">
                    <Platform Name="Android64">
                        <RemoteDir>library\lib\armeabi-v7a</RemoteDir>
                        <Operation>1</Operation>
                    </Platform>
                </DeployClass>
                <DeployClass Name="AndroidLibnativeMipsFile">
                    <Platform Name="Android">
                        <RemoteDir>library\lib\mips</RemoteDir>
                        <Operation>1</Operation>
                    </Platform>
                    <Platform Name="Android64">
                        <RemoteDir>library\lib\mips</RemoteDir>
                        <Operation>1</Operation>
                    </Platform>
                </DeployClass>
                <DeployClass Name="AndroidServiceOutput">
                    <Platform Name="Android">
                        <RemoteDir>library\lib\armeabi-v7a</RemoteDir>
                        <Operation>1</Operation>
                    </Platform>
                    <Platform Name="Android64">
                        <RemoteDir>library\lib\arm64-v8a</RemoteDir>
                        <Operation>1</Operation>
                    </Platform>
                </DeployClass>
                <DeployClass Name="AndroidServiceOutput_Android32">
                    <Platform Name="Android64">
                        <RemoteDir>library\lib\armeabi-v7a</RemoteDir>
                        <Operation>1</Operation>
                    </Platform>
                </DeployClass>
                <DeployClass Name="AndroidSplashImageDef">
                    <Platform Name="Android">
                        <RemoteDir>res\drawable</RemoteDir>
                        <Operation>1</Operation>
                    </Platform>
                    <Platform Name="Android64">
                        <RemoteDir>res\drawable</RemoteDir>
                        <Operation>1</Operation>
                    </Platform>
                </DeployClass>
                <DeployClass Name="AndroidSplashStyles">
                    <Platform Name="Android">
                        <RemoteDir>res\values</RemoteDir>
                        <Operation>1</Operation>
                    </Platform>
                    <Platform Name="Android64">
                        <RemoteDir>res\values</RemoteDir>
                        <Operation>1</Operation>
                    </Platform>
                </DeployClass>
                <DeployClass Name="AndroidSplashStylesV21">
                    <Platform Name="Android">
                        <RemoteDir>res\values-v21</RemoteDir>
                        <Operation>1</Operation>
                    </Platform>
                    <Platform Name="Android64">
                        <RemoteDir>res\values-v21</RemoteDir>
                        <Operation>1</Operation>
                    </Platform>
                </DeployClass>
                <DeployClass Name="Android_Colors">
                    <Platform Name="Android">
                        <RemoteDir>res\values</RemoteDir>
                        <Operation>1</Operation>
                    </Platform>
                    <Platform Name="Android64">
                        <RemoteDir>res\values</RemoteDir>
                        <Operation>1</Operation>
                    </Platform>
                </DeployClass>
                <DeployClass Name="Android_DefaultAppIcon">
                    <Platform Name="Android">
                        <RemoteDir>res\drawable</RemoteDir>
                        <Operation>1</Operation>
                    </Platform>
                    <Platform Name="Android64">
                        <RemoteDir>res\drawable</RemoteDir>
                        <Operation>1</Operation>
                    </Platform>
                </DeployClass>
                <DeployClass Name="Android_LauncherIcon144">
                    <Platform Name="Android">
                        <RemoteDir>res\drawable-xxhdpi</RemoteDir>
                        <Operation>1</Operation>
                    </Platform>
                    <Platform Name="Android64">
                        <RemoteDir>res\drawable-xxhdpi</RemoteDir>
                        <Operation>1</Operation>
                    </Platform>
                </DeployClass>
                <DeployClass Name="Android_LauncherIcon192">
                    <Platform Name="Android">
                        <RemoteDir>res\drawable-xxxhdpi</RemoteDir>
                        <Operation>1</Operation>
                    </Platform>
                    <Platform Name="Android64">
                        <RemoteDir>res\drawable-xxxhdpi</RemoteDir>
                        <Operation>1</Operation>
                    </Platform>
                </DeployClass>
                <DeployClass Name="Android_LauncherIcon36">
                    <Platform Name="Android">
                        <RemoteDir>res\drawable-ldpi</RemoteDir>
                        <Operation>1</Operation>
                    </Platform>
                    <Platform Name="Android64">
                        <RemoteDir>res\drawable-ldpi</RemoteDir>
                        <Operation>1</Operation>
                    </Platform>
                </DeployClass>
                <DeployClass Name="Android_LauncherIcon48">
                    <Platform Name="Android">
                        <RemoteDir>res\drawable-mdpi</RemoteDir>
                        <Operation>1</Operation>
                    </Platform>
                    <Platform Name="Android64">
                        <RemoteDir>res\drawable-mdpi</RemoteDir>
                        <Operation>1</Operation>
                    </Platform>
                </DeployClass>
                <DeployClass Name="Android_LauncherIcon72">
                    <Platform Name="Android">
                        <RemoteDir>res\drawable-hdpi</RemoteDir>
                        <Operation>1</Operation>
                    </Platform>
                    <Platform Name="Android64">
                        <RemoteDir>res\drawable-hdpi</RemoteDir>
                        <Operation>1</Operation>
                    </Platform>
                </DeployClass>
                <DeployClass Name="Android_LauncherIcon96">
                    <Platform Name="Android">
                        <RemoteDir>res\drawable-xhdpi</RemoteDir>
                        <Operation>1</Operation>
                    </Platform>
                    <Platform Name="Android64">
                        <RemoteDir>res\drawable-xhdpi</RemoteDir>
                        <Operation>1</Operation>
                    </Platform>
                </DeployClass>
                <DeployClass Name="Android_NotificationIcon24">
                    <Platform Name="Android">
                        <RemoteDir>res\drawable-mdpi</RemoteDir>
                        <Operation>1</Operation>
                    </Platform>
                    <Platform Name="Android64">
                        <RemoteDir>res\drawable-mdpi</RemoteDir>
                        <Operation>1</Operation>
                    </Platform>
                </DeployClass>
                <DeployClass Name="Android_NotificationIcon36">
                    <Platform Name="Android">
                        <RemoteDir>res\drawable-hdpi</RemoteDir>
                        <Operation>1</Operation>
                    </Platform>
                    <Platform Name="Android64">
                        <RemoteDir>res\drawable-hdpi</RemoteDir>
                        <Operation>1</Operation>
                    </Platform>
                </DeployClass>
                <DeployClass Name="Android_NotificationIcon48">
                    <Platform Name="Android">
                        <RemoteDir>res\drawable-xhdpi</RemoteDir>
                        <Operation>1</Operation>
                    </Platform>
                    <Platform Name="Android64">
                        <RemoteDir>res\drawable-xhdpi</RemoteDir>
                        <Operation>1</Operation>
                    </Platform>
                </DeployClass>
                <DeployClass Name="Android_NotificationIcon72">
                    <Platform Name="Android">
                        <RemoteDir>res\drawable-xxhdpi</RemoteDir>
                        <Operation>1</Operation>
                    </Platform>
                    <Platform Name="Android64">
                        <RemoteDir>res\drawable-xxhdpi</RemoteDir>
                        <Operation>1</Operation>
                    </Platform>
                </DeployClass>
                <DeployClass Name="Android_NotificationIcon96">
                    <Platform Name="Android">
                        <RemoteDir>res\drawable-xxxhdpi</RemoteDir>
                        <Operation>1</Operation>
                    </Platform>
                    <Platform Name="Android64">
                        <RemoteDir>res\drawable-xxxhdpi</RemoteDir>
                        <Operation>1</Operation>
                    </Platform>
                </DeployClass>
                <DeployClass Name="Android_SplashImage426">
                    <Platform Name="Android">
                        <RemoteDir>res\drawable-small</RemoteDir>
                        <Operation>1</Operation>
                    </Platform>
                    <Platform Name="Android64">
                        <RemoteDir>res\drawable-small</RemoteDir>
                        <Operation>1</Operation>
                    </Platform>
                </DeployClass>
                <DeployClass Name="Android_SplashImage470">
                    <Platform Name="Android">
                        <RemoteDir>res\drawable-normal</RemoteDir>
                        <Operation>1</Operation>
                    </Platform>
                    <Platform Name="Android64">
                        <RemoteDir>res\drawable-normal</RemoteDir>
                        <Operation>1</Operation>
                    </Platform>
                </DeployClass>
                <DeployClass Name="Android_SplashImage640">
                    <Platform Name="Android">
                        <RemoteDir>res\drawable-large</RemoteDir>
                        <Operation>1</Operation>
                    </Platform>
                    <Platform Name="Android64">
                        <RemoteDir>res\drawable-large</RemoteDir>
                        <Operation>1</Operation>
                    </Platform>
                </DeployClass>
                <DeployClass Name="Android_SplashImage960">
                    <Platform Name="Android">
                        <RemoteDir>res\drawable-xlarge</RemoteDir>
                        <Operation>1</Operation>
                    </Platform>
                    <Platform Name="Android64">
                        <RemoteDir>res\drawable-xlarge</RemoteDir>
                        <Operation>1</Operation>
                    </Platform>
                </DeployClass>
                <DeployClass Name="Android_Strings">
                    <Platform Name="Android">
                        <RemoteDir>res\values</RemoteDir>
                        <Operation>1</Operation>
                    </Platform>
                    <Platform Name="Android64">
                        <RemoteDir>res\values</RemoteDir>
                        <Operation>1</Operation>
                    </Platform>
                </DeployClass>
                <DeployClass Name="DebugSymbols">
                    <Platform Name="iOSSimulator">
                        <Operation>1</Operation>
                    </Platform>
                    <Platform Name="OSX32">
                        <RemoteDir>Contents\MacOS</RemoteDir>
                        <Operation>1</Operation>
                    </Platform>
                    <Platform Name="Win32">
                        <Operation>0</Operation>
                    </Platform>
                </DeployClass>
                <DeployClass Name="DependencyFramework">
                    <Platform Name="OSX32">
                        <RemoteDir>Contents\MacOS</RemoteDir>
                        <Operation>1</Operation>
                        <Extensions>.framework</Extensions>
                    </Platform>
                    <Platform Name="OSX64">
                        <RemoteDir>Contents\MacOS</RemoteDir>
                        <Operation>1</Operation>
                        <Extensions>.framework</Extensions>
                    </Platform>
                    <Platform Name="OSXARM64">
                        <RemoteDir>Contents\MacOS</RemoteDir>
                        <Operation>1</Operation>
                        <Extensions>.framework</Extensions>
                    </Platform>
                    <Platform Name="Win32">
                        <Operation>0</Operation>
                    </Platform>
                </DeployClass>
                <DeployClass Name="DependencyModule">
                    <Platform Name="iOSDevice32">
                        <Operation>1</Operation>
                        <Extensions>.dylib</Extensions>
                    </Platform>
                    <Platform Name="iOSDevice64">
                        <Operation>1</Operation>
                        <Extensions>.dylib</Extensions>
                    </Platform>
                    <Platform Name="iOSSimulator">
                        <Operation>1</Operation>
                        <Extensions>.dylib</Extensions>
                    </Platform>
                    <Platform Name="OSX32">
                        <RemoteDir>Contents\MacOS</RemoteDir>
                        <Operation>1</Operation>
                        <Extensions>.dylib</Extensions>
                    </Platform>
                    <Platform Name="OSX64">
                        <RemoteDir>Contents\MacOS</RemoteDir>
                        <Operation>1</Operation>
                        <Extensions>.dylib</Extensions>
                    </Platform>
                    <Platform Name="OSXARM64">
                        <RemoteDir>Contents\MacOS</RemoteDir>
                        <Operation>1</Operation>
                        <Extensions>.dylib</Extensions>
                    </Platform>
                    <Platform Name="Win32">
                        <Operation>0</Operation>
                        <Extensions>.dll;.bpl</Extensions>
                    </Platform>
                </DeployClass>
                <DeployClass Required="true" Name="DependencyPackage">
                    <Platform Name="iOSDevice32">
                        <Operation>1</Operation>
                        <Extensions>.dylib</Extensions>
                    </Platform>
                    <Platform Name="iOSDevice64">
                        <Operation>1</Operation>
                        <Extensions>.dylib</Extensions>
                    </Platform>
                    <Platform Name="iOSSimulator">
                        <Operation>1</Operation>
                        <Extensions>.dylib</Extensions>
                    </Platform>
                    <Platform Name="OSX32">
                        <RemoteDir>Contents\MacOS</RemoteDir>
                        <Operation>1</Operation>
                        <Extensions>.dylib</Extensions>
                    </Platform>
                    <Platform Name="OSX64">
                        <RemoteDir>Contents\MacOS</RemoteDir>
                        <Operation>1</Operation>
                        <Extensions>.dylib</Extensions>
                    </Platform>
                    <Platform Name="OSXARM64">
                        <RemoteDir>Contents\MacOS</RemoteDir>
                        <Operation>1</Operation>
                        <Extensions>.dylib</Extensions>
                    </Platform>
                    <Platform Name="Win32">
                        <Operation>0</Operation>
                        <Extensions>.bpl</Extensions>
                    </Platform>
                </DeployClass>
                <DeployClass Name="File">
                    <Platform Name="Android">
                        <Operation>0</Operation>
                    </Platform>
                    <Platform Name="Android64">
                        <Operation>0</Operation>
                    </Platform>
                    <Platform Name="iOSDevice32">
                        <Operation>0</Operation>
                    </Platform>
                    <Platform Name="iOSDevice64">
                        <Operation>0</Operation>
                    </Platform>
                    <Platform Name="iOSSimulator">
                        <Operation>0</Operation>
                    </Platform>
                    <Platform Name="OSX32">
                        <RemoteDir>Contents\Resources\StartUp\</RemoteDir>
                        <Operation>0</Operation>
                    </Platform>
                    <Platform Name="OSX64">
                        <RemoteDir>Contents\Resources\StartUp\</RemoteDir>
                        <Operation>0</Operation>
                    </Platform>
                    <Platform Name="OSXARM64">
                        <RemoteDir>Contents\Resources\StartUp\</RemoteDir>
                        <Operation>0</Operation>
                    </Platform>
                    <Platform Name="Win32">
                        <Operation>0</Operation>
                    </Platform>
                </DeployClass>
                <DeployClass Name="iOS_AppStore1024">
                    <Platform Name="iOSDevice64">
                        <RemoteDir>..\$(PROJECTNAME).launchscreen\Assets\AppIcon.appiconset</RemoteDir>
                        <Operation>1</Operation>
                    </Platform>
                </DeployClass>
                <DeployClass Name="iPad_AppIcon152">
                    <Platform Name="iOSDevice64">
                        <RemoteDir>..\$(PROJECTNAME).launchscreen\Assets\AppIcon.appiconset</RemoteDir>
                        <Operation>1</Operation>
                    </Platform>
                    <Platform Name="iOSSimulator">
                        <RemoteDir>..\$(PROJECTNAME).launchscreen\Assets\AppIcon.appiconset</RemoteDir>
                        <Operation>1</Operation>
                    </Platform>
                </DeployClass>
                <DeployClass Name="iPad_AppIcon167">
                    <Platform Name="iOSDevice64">
                        <RemoteDir>..\$(PROJECTNAME).launchscreen\Assets\AppIcon.appiconset</RemoteDir>
                        <Operation>1</Operation>
                    </Platform>
                    <Platform Name="iOSSimulator">
                        <RemoteDir>..\$(PROJECTNAME).launchscreen\Assets\AppIcon.appiconset</RemoteDir>
                        <Operation>1</Operation>
                    </Platform>
                </DeployClass>
                <DeployClass Name="iPad_Launch2x">
                    <Platform Name="iOSDevice64">
                        <RemoteDir>..\$(PROJECTNAME).launchscreen\Assets\LaunchScreenImage.imageset</RemoteDir>
                        <Operation>1</Operation>
                    </Platform>
                    <Platform Name="iOSSimulator">
                        <RemoteDir>..\$(PROJECTNAME).launchscreen\Assets\LaunchScreenImage.imageset</RemoteDir>
                        <Operation>1</Operation>
                    </Platform>
                </DeployClass>
                <DeployClass Name="iPad_LaunchDark2x">
                    <Platform Name="iOSDevice64">
                        <RemoteDir>..\$(PROJECTNAME).launchscreen\Assets\LaunchScreenImage.imageset</RemoteDir>
                        <Operation>1</Operation>
                    </Platform>
                    <Platform Name="iOSSimulator">
                        <RemoteDir>..\$(PROJECTNAME).launchscreen\Assets\LaunchScreenImage.imageset</RemoteDir>
                        <Operation>1</Operation>
                    </Platform>
                </DeployClass>
                <DeployClass Name="iPad_Notification40">
                    <Platform Name="iOSDevice64">
                        <RemoteDir>..\$(PROJECTNAME).launchscreen\Assets\AppIcon.appiconset</RemoteDir>
                        <Operation>1</Operation>
                    </Platform>
                    <Platform Name="iOSSimulator">
                        <RemoteDir>..\$(PROJECTNAME).launchscreen\Assets\AppIcon.appiconset</RemoteDir>
                        <Operation>1</Operation>
                    </Platform>
                </DeployClass>
                <DeployClass Name="iPad_Setting58">
                    <Platform Name="iOSDevice64">
                        <RemoteDir>..\$(PROJECTNAME).launchscreen\Assets\AppIcon.appiconset</RemoteDir>
                        <Operation>1</Operation>
                    </Platform>
                    <Platform Name="iOSSimulator">
                        <RemoteDir>..\$(PROJECTNAME).launchscreen\Assets\AppIcon.appiconset</RemoteDir>
                        <Operation>1</Operation>
                    </Platform>
                </DeployClass>
                <DeployClass Name="iPad_SpotLight80">
                    <Platform Name="iOSDevice64">
                        <RemoteDir>..\$(PROJECTNAME).launchscreen\Assets\AppIcon.appiconset</RemoteDir>
                        <Operation>1</Operation>
                    </Platform>
                    <Platform Name="iOSSimulator">
                        <RemoteDir>..\$(PROJECTNAME).launchscreen\Assets\AppIcon.appiconset</RemoteDir>
                        <Operation>1</Operation>
                    </Platform>
                </DeployClass>
                <DeployClass Name="iPhone_AppIcon120">
                    <Platform Name="iOSDevice64">
                        <RemoteDir>..\$(PROJECTNAME).launchscreen\Assets\AppIcon.appiconset</RemoteDir>
                        <Operation>1</Operation>
                    </Platform>
                    <Platform Name="iOSSimulator">
                        <RemoteDir>..\$(PROJECTNAME).launchscreen\Assets\AppIcon.appiconset</RemoteDir>
                        <Operation>1</Operation>
                    </Platform>
                </DeployClass>
                <DeployClass Name="iPhone_AppIcon180">
                    <Platform Name="iOSDevice64">
                        <RemoteDir>..\$(PROJECTNAME).launchscreen\Assets\AppIcon.appiconset</RemoteDir>
                        <Operation>1</Operation>
                    </Platform>
                    <Platform Name="iOSSimulator">
                        <RemoteDir>..\$(PROJECTNAME).launchscreen\Assets\AppIcon.appiconset</RemoteDir>
                        <Operation>1</Operation>
                    </Platform>
                </DeployClass>
                <DeployClass Name="iPhone_Launch2x">
                    <Platform Name="iOSDevice64">
                        <RemoteDir>..\$(PROJECTNAME).launchscreen\Assets\LaunchScreenImage.imageset</RemoteDir>
                        <Operation>1</Operation>
                    </Platform>
                    <Platform Name="iOSSimulator">
                        <RemoteDir>..\$(PROJECTNAME).launchscreen\Assets\LaunchScreenImage.imageset</RemoteDir>
                        <Operation>1</Operation>
                    </Platform>
                </DeployClass>
                <DeployClass Name="iPhone_Launch3x">
                    <Platform Name="iOSDevice64">
                        <RemoteDir>..\$(PROJECTNAME).launchscreen\Assets\LaunchScreenImage.imageset</RemoteDir>
                        <Operation>1</Operation>
                    </Platform>
                    <Platform Name="iOSSimulator">
                        <RemoteDir>..\$(PROJECTNAME).launchscreen\Assets\LaunchScreenImage.imageset</RemoteDir>
                        <Operation>1</Operation>
                    </Platform>
                </DeployClass>
                <DeployClass Name="iPhone_LaunchDark2x">
                    <Platform Name="iOSDevice64">
                        <RemoteDir>..\$(PROJECTNAME).launchscreen\Assets\LaunchScreenImage.imageset</RemoteDir>
                        <Operation>1</Operation>
                    </Platform>
                    <Platform Name="iOSSimulator">
                        <RemoteDir>..\$(PROJECTNAME).launchscreen\Assets\LaunchScreenImage.imageset</RemoteDir>
                        <Operation>1</Operation>
                    </Platform>
                </DeployClass>
                <DeployClass Name="iPhone_LaunchDark3x">
                    <Platform Name="iOSDevice64">
                        <RemoteDir>..\$(PROJECTNAME).launchscreen\Assets\LaunchScreenImage.imageset</RemoteDir>
                        <Operation>1</Operation>
                    </Platform>
                    <Platform Name="iOSSimulator">
                        <RemoteDir>..\$(PROJECTNAME).launchscreen\Assets\LaunchScreenImage.imageset</RemoteDir>
                        <Operation>1</Operation>
                    </Platform>
                </DeployClass>
                <DeployClass Name="iPhone_Notification40">
                    <Platform Name="iOSDevice64">
                        <RemoteDir>..\$(PROJECTNAME).launchscreen\Assets\AppIcon.appiconset</RemoteDir>
                        <Operation>1</Operation>
                    </Platform>
                    <Platform Name="iOSSimulator">
                        <RemoteDir>..\$(PROJECTNAME).launchscreen\Assets\AppIcon.appiconset</RemoteDir>
                        <Operation>1</Operation>
                    </Platform>
                </DeployClass>
                <DeployClass Name="iPhone_Notification60">
                    <Platform Name="iOSDevice64">
                        <RemoteDir>..\$(PROJECTNAME).launchscreen\Assets\AppIcon.appiconset</RemoteDir>
                        <Operation>1</Operation>
                    </Platform>
                    <Platform Name="iOSSimulator">
                        <RemoteDir>..\$(PROJECTNAME).launchscreen\Assets\AppIcon.appiconset</RemoteDir>
                        <Operation>1</Operation>
                    </Platform>
                </DeployClass>
                <DeployClass Name="iPhone_Setting58">
                    <Platform Name="iOSDevice64">
                        <RemoteDir>..\$(PROJECTNAME).launchscreen\Assets\AppIcon.appiconset</RemoteDir>
                        <Operation>1</Operation>
                    </Platform>
                    <Platform Name="iOSSimulator">
                        <RemoteDir>..\$(PROJECTNAME).launchscreen\Assets\AppIcon.appiconset</RemoteDir>
                        <Operation>1</Operation>
                    </Platform>
                </DeployClass>
                <DeployClass Name="iPhone_Setting87">
                    <Platform Name="iOSDevice64">
                        <RemoteDir>..\$(PROJECTNAME).launchscreen\Assets\AppIcon.appiconset</RemoteDir>
                        <Operation>1</Operation>
                    </Platform>
                    <Platform Name="iOSSimulator">
                        <RemoteDir>..\$(PROJECTNAME).launchscreen\Assets\AppIcon.appiconset</RemoteDir>
                        <Operation>1</Operation>
                    </Platform>
                </DeployClass>
                <DeployClass Name="iPhone_Spotlight120">
                    <Platform Name="iOSDevice64">
                        <RemoteDir>..\$(PROJECTNAME).launchscreen\Assets\AppIcon.appiconset</RemoteDir>
                        <Operation>1</Operation>
                    </Platform>
                    <Platform Name="iOSSimulator">
                        <RemoteDir>..\$(PROJECTNAME).launchscreen\Assets\AppIcon.appiconset</RemoteDir>
                        <Operation>1</Operation>
                    </Platform>
                </DeployClass>
                <DeployClass Name="iPhone_Spotlight80">
                    <Platform Name="iOSDevice64">
                        <RemoteDir>..\$(PROJECTNAME).launchscreen\Assets\AppIcon.appiconset</RemoteDir>
                        <Operation>1</Operation>
                    </Platform>
                    <Platform Name="iOSSimulator">
                        <RemoteDir>..\$(PROJECTNAME).launchscreen\Assets\AppIcon.appiconset</RemoteDir>
                        <Operation>1</Operation>
                    </Platform>
                </DeployClass>
                <DeployClass Name="ProjectAndroidManifest">
                    <Platform Name="Android">
                        <Operation>1</Operation>
                    </Platform>
                    <Platform Name="Android64">
                        <Operation>1</Operation>
                    </Platform>
                </DeployClass>
                <DeployClass Name="ProjectiOSDeviceDebug">
                    <Platform Name="iOSDevice32">
                        <RemoteDir>..\$(PROJECTNAME).app.dSYM\Contents\Resources\DWARF</RemoteDir>
                        <Operation>1</Operation>
                    </Platform>
                    <Platform Name="iOSDevice64">
                        <RemoteDir>..\$(PROJECTNAME).app.dSYM\Contents\Resources\DWARF</RemoteDir>
                        <Operation>1</Operation>
                    </Platform>
                </DeployClass>
                <DeployClass Name="ProjectiOSDeviceResourceRules">
                    <Platform Name="iOSDevice32">
                        <Operation>1</Operation>
                    </Platform>
                    <Platform Name="iOSDevice64">
                        <Operation>1</Operation>
                    </Platform>
                </DeployClass>
                <DeployClass Name="ProjectiOSEntitlements">
                    <Platform Name="iOSDevice32">
                        <RemoteDir>..\</RemoteDir>
                        <Operation>1</Operation>
                    </Platform>
                    <Platform Name="iOSDevice64">
                        <RemoteDir>..\</RemoteDir>
                        <Operation>1</Operation>
                    </Platform>
                </DeployClass>
                <DeployClass Name="ProjectiOSInfoPList">
                    <Platform Name="iOSDevice32">
                        <Operation>1</Operation>
                    </Platform>
                    <Platform Name="iOSDevice64">
                        <Operation>1</Operation>
                    </Platform>
                    <Platform Name="iOSSimulator">
                        <Operation>1</Operation>
                    </Platform>
                </DeployClass>
                <DeployClass Name="ProjectiOSLaunchScreen">
                    <Platform Name="iOSDevice64">
                        <RemoteDir>..\$(PROJECTNAME).launchscreen</RemoteDir>
                        <Operation>64</Operation>
                    </Platform>
                    <Platform Name="iOSSimulator">
                        <RemoteDir>..\$(PROJECTNAME).launchscreen</RemoteDir>
                        <Operation>64</Operation>
                    </Platform>
                </DeployClass>
                <DeployClass Name="ProjectiOSResource">
                    <Platform Name="iOSDevice32">
                        <Operation>1</Operation>
                    </Platform>
                    <Platform Name="iOSDevice64">
                        <Operation>1</Operation>
                    </Platform>
                    <Platform Name="iOSSimulator">
                        <Operation>1</Operation>
                    </Platform>
                </DeployClass>
                <DeployClass Name="ProjectOSXDebug">
                    <Platform Name="OSX64">
                        <RemoteDir>..\$(PROJECTNAME).app.dSYM\Contents\Resources\DWARF</RemoteDir>
                        <Operation>1</Operation>
                    </Platform>
                    <Platform Name="OSXARM64">
                        <RemoteDir>..\$(PROJECTNAME).app.dSYM\Contents\Resources\DWARF</RemoteDir>
                        <Operation>1</Operation>
                    </Platform>
                </DeployClass>
                <DeployClass Name="ProjectOSXEntitlements">
                    <Platform Name="OSX32">
                        <RemoteDir>..\</RemoteDir>
                        <Operation>1</Operation>
                    </Platform>
                    <Platform Name="OSX64">
                        <RemoteDir>..\</RemoteDir>
                        <Operation>1</Operation>
                    </Platform>
                    <Platform Name="OSXARM64">
                        <RemoteDir>..\</RemoteDir>
                        <Operation>1</Operation>
                    </Platform>
                </DeployClass>
                <DeployClass Name="ProjectOSXInfoPList">
                    <Platform Name="OSX32">
                        <RemoteDir>Contents</RemoteDir>
                        <Operation>1</Operation>
                    </Platform>
                    <Platform Name="OSX64">
                        <RemoteDir>Contents</RemoteDir>
                        <Operation>1</Operation>
                    </Platform>
                    <Platform Name="OSXARM64">
                        <RemoteDir>Contents</RemoteDir>
                        <Operation>1</Operation>
                    </Platform>
                </DeployClass>
                <DeployClass Name="ProjectOSXResource">
                    <Platform Name="OSX32">
                        <RemoteDir>Contents\Resources</RemoteDir>
                        <Operation>1</Operation>
                    </Platform>
                    <Platform Name="OSX64">
                        <RemoteDir>Contents\Resources</RemoteDir>
                        <Operation>1</Operation>
                    </Platform>
                    <Platform Name="OSXARM64">
                        <RemoteDir>Contents\Resources</RemoteDir>
                        <Operation>1</Operation>
                    </Platform>
                </DeployClass>
                <DeployClass Required="true" Name="ProjectOutput">
                    <Platform Name="Android">
                        <RemoteDir>library\lib\armeabi-v7a</RemoteDir>
                        <Operation>1</Operation>
                    </Platform>
                    <Platform Name="Android64">
                        <RemoteDir>library\lib\arm64-v8a</RemoteDir>
                        <Operation>1</Operation>
                    </Platform>
                    <Platform Name="iOSDevice32">
                        <Operation>1</Operation>
                    </Platform>
                    <Platform Name="iOSDevice64">
                        <Operation>1</Operation>
                    </Platform>
                    <Platform Name="iOSSimulator">
                        <Operation>1</Operation>
                    </Platform>
                    <Platform Name="Linux64">
                        <Operation>1</Operation>
                    </Platform>
                    <Platform Name="OSX32">
                        <RemoteDir>Contents\MacOS</RemoteDir>
                        <Operation>1</Operation>
                    </Platform>
                    <Platform Name="OSX64">
                        <RemoteDir>Contents\MacOS</RemoteDir>
                        <Operation>1</Operation>
                    </Platform>
                    <Platform Name="OSXARM64">
                        <RemoteDir>Contents\MacOS</RemoteDir>
                        <Operation>1</Operation>
                    </Platform>
                    <Platform Name="Win32">
                        <Operation>0</Operation>
                    </Platform>
                </DeployClass>
                <DeployClass Name="ProjectOutput_Android32">
                    <Platform Name="Android64">
                        <RemoteDir>library\lib\armeabi-v7a</RemoteDir>
                        <Operation>1</Operation>
                    </Platform>
                </DeployClass>
                <DeployClass Name="ProjectUWPManifest">
                    <Platform Name="Win32">
                        <Operation>1</Operation>
                    </Platform>
                    <Platform Name="Win64">
                        <Operation>1</Operation>
                    </Platform>
                </DeployClass>
                <DeployClass Name="UWP_DelphiLogo150">
                    <Platform Name="Win32">
                        <RemoteDir>Assets</RemoteDir>
                        <Operation>1</Operation>
                    </Platform>
                    <Platform Name="Win64">
                        <RemoteDir>Assets</RemoteDir>
                        <Operation>1</Operation>
                    </Platform>
                </DeployClass>
                <DeployClass Name="UWP_DelphiLogo44">
                    <Platform Name="Win32">
                        <RemoteDir>Assets</RemoteDir>
                        <Operation>1</Operation>
                    </Platform>
                    <Platform Name="Win64">
                        <RemoteDir>Assets</RemoteDir>
                        <Operation>1</Operation>
                    </Platform>
                </DeployClass>
                <ProjectRoot Platform="OSX32" Name="$(PROJECTNAME).app"/>
                <ProjectRoot Platform="OSX64" Name="$(PROJECTNAME).app"/>
                <ProjectRoot Platform="Win32" Name="$(PROJECTNAME)"/>
                <ProjectRoot Platform="Android64" Name="$(PROJECTNAME)"/>
                <ProjectRoot Platform="Android" Name="$(PROJECTNAME)"/>
                <ProjectRoot Platform="Win64" Name="$(PROJECTNAME)"/>
                <ProjectRoot Platform="OSXARM64" Name="$(PROJECTNAME).app"/>
                <ProjectRoot Platform="iOSDevice32" Name="$(PROJECTNAME).app"/>
                <ProjectRoot Platform="iOSDevice64" Name="$(PROJECTNAME).app"/>
                <ProjectRoot Platform="Linux64" Name="$(PROJECTNAME)"/>
                <ProjectRoot Platform="iOSSimulator" Name="$(PROJECTNAME).app"/>
            </Deployment>
        </BorlandProject>
        <ProjectFileVersion>12</ProjectFileVersion>
    </ProjectExtensions>
    <Import Project="$(BDS)\Bin\CodeGear.Delphi.Targets" Condition="Exists('$(BDS)\Bin\CodeGear.Delphi.Targets')"/>
    <Import Project="$(APPDATA)\Embarcadero\$(BDSAPPDATABASEDIR)\$(PRODUCTVERSION)\UserTools.proj" Condition="Exists('$(APPDATA)\Embarcadero\$(BDSAPPDATABASEDIR)\$(PRODUCTVERSION)\UserTools.proj')"/>
    <Import Project="$(MSBuildProjectName).deployproj" Condition="Exists('$(MSBuildProjectName).deployproj')"/>
    <PropertyGroup Condition="'$(Config)'=='Debug' And '$(Platform)'=='Linux64'">
        <PreBuildEvent>net stop MnrAndService</PreBuildEvent>
        <PreBuildEventIgnoreExitCode>True</PreBuildEventIgnoreExitCode>
        <PreLinkEvent/>
        <PreLinkEventIgnoreExitCode>False</PreLinkEventIgnoreExitCode>
        <PostBuildEvent>net start MnrAndService</PostBuildEvent>
        <PostBuildEventIgnoreExitCode>True</PostBuildEventIgnoreExitCode>
    </PropertyGroup>
    <PropertyGroup Condition="'$(Config)'=='Debug' And '$(Platform)'=='OSX64'">
        <PreBuildEvent>net stop MnrAndService</PreBuildEvent>
        <PreBuildEventIgnoreExitCode>True</PreBuildEventIgnoreExitCode>
        <PreLinkEvent/>
        <PreLinkEventIgnoreExitCode>False</PreLinkEventIgnoreExitCode>
        <PostBuildEvent>net start MnrAndService</PostBuildEvent>
        <PostBuildEventIgnoreExitCode>True</PostBuildEventIgnoreExitCode>
    </PropertyGroup>
    <PropertyGroup Condition="'$(Config)'=='Debug' And '$(Platform)'=='OSXARM64'">
        <PreBuildEvent>net stop MnrAndService</PreBuildEvent>
        <PreBuildEventIgnoreExitCode>True</PreBuildEventIgnoreExitCode>
        <PreLinkEvent/>
        <PreLinkEventIgnoreExitCode>False</PreLinkEventIgnoreExitCode>
        <PostBuildEvent>net start MnrAndService</PostBuildEvent>
        <PostBuildEventIgnoreExitCode>True</PostBuildEventIgnoreExitCode>
    </PropertyGroup>
    <PropertyGroup Condition="'$(Config)'=='Debug' And '$(Platform)'=='Win32'">
        <PreBuildEvent>net stop MnrAndService</PreBuildEvent>
        <PreBuildEventIgnoreExitCode>True</PreBuildEventIgnoreExitCode>
        <PreLinkEvent/>
        <PreLinkEventIgnoreExitCode>False</PreLinkEventIgnoreExitCode>
        <PostBuildEvent>net start MnrAndService</PostBuildEvent>
        <PostBuildEventIgnoreExitCode>True</PostBuildEventIgnoreExitCode>
    </PropertyGroup>
    <PropertyGroup Condition="'$(Config)'=='Debug' And '$(Platform)'=='Win64'">
        <PreBuildEvent>net stop MnrAndService</PreBuildEvent>
        <PreBuildEventIgnoreExitCode>True</PreBuildEventIgnoreExitCode>
        <PreLinkEvent/>
        <PreLinkEventIgnoreExitCode>False</PreLinkEventIgnoreExitCode>
        <PostBuildEvent>net start MnrAndService</PostBuildEvent>
        <PostBuildEventIgnoreExitCode>True</PostBuildEventIgnoreExitCode>
    </PropertyGroup>
    <PropertyGroup Condition="'$(Config)'=='Release' And '$(Platform)'=='Linux64'">
        <PreBuildEvent>net stop MnrAndService</PreBuildEvent>
        <PreBuildEventIgnoreExitCode>True</PreBuildEventIgnoreExitCode>
        <PreLinkEvent/>
        <PreLinkEventIgnoreExitCode>False</PreLinkEventIgnoreExitCode>
        <PostBuildEvent>net start MnrAndService</PostBuildEvent>
        <PostBuildEventIgnoreExitCode>True</PostBuildEventIgnoreExitCode>
    </PropertyGroup>
    <PropertyGroup Condition="'$(Config)'=='Release' And '$(Platform)'=='OSX64'">
        <PreBuildEvent>net stop MnrAndService</PreBuildEvent>
        <PreBuildEventIgnoreExitCode>True</PreBuildEventIgnoreExitCode>
        <PreLinkEvent/>
        <PreLinkEventIgnoreExitCode>False</PreLinkEventIgnoreExitCode>
        <PostBuildEvent>net start MnrAndService</PostBuildEvent>
        <PostBuildEventIgnoreExitCode>True</PostBuildEventIgnoreExitCode>
    </PropertyGroup>
    <PropertyGroup Condition="'$(Config)'=='Release' And '$(Platform)'=='OSXARM64'">
        <PreBuildEvent>net stop MnrAndService</PreBuildEvent>
        <PreBuildEventIgnoreExitCode>True</PreBuildEventIgnoreExitCode>
        <PreLinkEvent/>
        <PreLinkEventIgnoreExitCode>False</PreLinkEventIgnoreExitCode>
        <PostBuildEvent>net start MnrAndService</PostBuildEvent>
        <PostBuildEventIgnoreExitCode>True</PostBuildEventIgnoreExitCode>
    </PropertyGroup>
    <PropertyGroup Condition="'$(Config)'=='Release' And '$(Platform)'=='Win32'">
        <PreBuildEvent>net stop MnrAndService</PreBuildEvent>
        <PreBuildEventIgnoreExitCode>True</PreBuildEventIgnoreExitCode>
        <PreLinkEvent/>
        <PreLinkEventIgnoreExitCode>False</PreLinkEventIgnoreExitCode>
        <PostBuildEvent>net start MnrAndService</PostBuildEvent>
        <PostBuildEventIgnoreExitCode>True</PostBuildEventIgnoreExitCode>
    </PropertyGroup>
    <PropertyGroup Condition="'$(Config)'=='Release' And '$(Platform)'=='Win64'">
        <PreBuildEvent>net stop MnrAndService</PreBuildEvent>
        <PreBuildEventIgnoreExitCode>True</PreBuildEventIgnoreExitCode>
        <PreLinkEvent/>
        <PreLinkEventIgnoreExitCode>False</PreLinkEventIgnoreExitCode>
        <PostBuildEvent>net start MnrAndService</PostBuildEvent>
        <PostBuildEventIgnoreExitCode>True</PostBuildEventIgnoreExitCode>
    </PropertyGroup>
</Project>
